
Microsoft Visual Studio Solution File, Format Version 12.00
# Visual Studio Version 17
VisualStudioVersion = 17.2.32519.379
MinimumVisualStudioVersion = 10.0.40219.1
Project("{FAE04EC0-301F-11D3-BF4B-00C04F79EFBC}") = "LMS_Day29_Car_Project", "LMS_Day29_Car_Project.csproj", "{DAECD178-9768-46B2-BADF-733CA2EE64B1}"
EndProject
Global
	GlobalSection(SolutionConfigurationPlatforms) = preSolution
		Debug|Any CPU = Debug|Any CPU
		Release|Any CPU = Release|Any CPU
	EndGlobalSection
	GlobalSection(ProjectConfigurationPlatforms) = postSolution
		{DAECD178-9768-46B2-BADF-733CA2EE64B1}.Debug|Any CPU.ActiveCfg = Debug|Any CPU
		{DAECD178-9768-46B2-BADF-733CA2EE64B1}.Debug|Any CPU.Build.0 = Debug|Any CPU
		{DAECD178-9768-46B2-BADF-733CA2EE64B1}.Release|Any CPU.ActiveCfg = Release|Any CPU
		{DAECD178-9768-46B2-BADF-733CA2EE64B1}.Release|Any CPU.Build.0 = Release|Any CPU
	EndGlobalSection
	GlobalSection(SolutionProperties) = preSolution
		HideSolutionNode = FALSE
	EndGlobalSection
	GlobalSection(ExtensibilityGlobals) = postSolution
		SolutionGuid = {400FB47F-DE9C-413B-9829-09AD851EBCE5}
	EndGlobalSection
EndGlobal
